{
  "name": "NASA Image Search",
  "version": "0.0.1",
  "lockfileVersion": 1,
  "requires": true,
  "dependencies": {
    "classes-component": {
      "version": "1.1.3",
      "resolved": "https://registry.npmjs.org/classes-component/-/classes-component-1.1.3.tgz",
      "integrity": "sha1-VEXkyDMiQ1tzB4EvRByLp3XOOXY=",
      "requires": {
        "indexof-component": "github:component/indexof#a3ef9ccef2b705f9688db5115c6698ab6ea49b98"
      }
    },
    "delegate-component": {
      "version": "0.1.0",
      "resolved": "https://registry.npmjs.org/delegate-component/-/delegate-component-0.1.0.tgz",
      "integrity": "sha1-e7ODsKhR77qu5/mIXyfwyjqsyyM=",
      "requires": {
        "event-component": "*",
        "matches-selector-2": "0.1.0"
      }
    },
    "event-component": {
      "version": "0.1.0",
      "resolved": "https://registry.npmjs.org/event-component/-/event-component-0.1.0.tgz",
      "integrity": "sha1-gEVVedE0qyfju4C7KGm/lqdunmg="
    },
    "events-component-2": {
      "version": "1.0.4",
      "resolved": "https://registry.npmjs.org/events-component-2/-/events-component-2-1.0.4.tgz",
      "integrity": "sha1-euygb1h8k7nv2FavdT31tsOAUug=",
      "requires": {
        "delegate-component": "0.1.0",
        "event-component": "0.1.0"
      }
    },
    "indexof-component": {
      "version": "0.0.1",
      "resolved": "github:component/indexof#a3ef9ccef2b705f9688db5115c6698ab6ea49b98"
    },
    "matches-selector-2": {
      "version": "0.1.0",
      "resolved": "https://registry.npmjs.org/matches-selector-2/-/matches-selector-2-0.1.0.tgz",
      "integrity": "sha1-HFgDqV2PGM4w80Vp6f11+WkWC0M=",
      "requires": {
        "query-component": "*"
      }
    },
    "query-component": {
      "version": "0.0.1",
      "resolved": "https://registry.npmjs.org/query-component/-/query-component-0.0.1.tgz",
      "integrity": "sha1-yVl1ptLHQXZz5VHywU8SSWy6TCc="
    },
    "raf-component": {
      "version": "1.1.1",
      "resolved": "https://registry.npmjs.org/raf-component/-/raf-component-1.1.1.tgz",
      "integrity": "sha1-ji4asqr+qulZR00KrTzdagjYBtg="
    },
    "sketch": {
      "version": "0.2.0",
      "resolved": "https://registry.npmjs.org/sketch/-/sketch-0.2.0.tgz",
      "integrity": "sha1-+OLuC8iYL6L5co/vitQRIVL1A3s=",
      "requires": {
        "classes-component": "*",
        "events-component-2": "1.0.4",
        "raf-component": "1.1.1"
      }
    },
    "unsplash": {
      "version": "4.2.0",
      "resolved": "https://registry.npmjs.org/unsplash/-/unsplash-4.2.0.tgz",
      "integrity": "sha512-my8CaFhNomFTc/vfUypnLQd52WEXDwnMxu9e7GTxExtib+aH/y7RWmsJPi16f1CT/B0A9oTm9qAFTCEDnpwOfg=="
    }
  }
}
